// !$*UTF8*$!
{
	archiveVersion = 1;
	classes = {
	};
	objectVersion = 56;
	objects = {

/* Begin PBXBuildFile section */
		641E151C2BF56641008EEA7E /* NotchChecker.swift in Sources */ = {isa = PBXBuildFile; fileRef = 641E151B2BF56641008EEA7E /* NotchChecker.swift */; };
		648D28482BEFC0AD008C28F0 /* Game.swift in Sources */ = {isa = PBXBuildFile; fileRef = 648D28472BEFC0AD008C28F0 /* Game.swift */; };
		648D284C2BEFC201008C28F0 /* Board.swift in Sources */ = {isa = PBXBuildFile; fileRef = 648D284B2BEFC201008C28F0 /* Board.swift */; };
		648D284E2BEFC229008C28F0 /* Tile.swift in Sources */ = {isa = PBXBuildFile; fileRef = 648D284D2BEFC229008C28F0 /* Tile.swift */; };
		648D285A2BF18EB3008C28F0 /* Status.swift in Sources */ = {isa = PBXBuildFile; fileRef = 648D28592BF18EB3008C28F0 /* Status.swift */; };
		649B38D22BEE299700CA0516 /* XGroupTestGameApp.swift in Sources */ = {isa = PBXBuildFile; fileRef = 649B38D12BEE299700CA0516 /* XGroupTestGameApp.swift */; };
		649B38D42BEE299700CA0516 /* ContentView.swift in Sources */ = {isa = PBXBuildFile; fileRef = 649B38D32BEE299700CA0516 /* ContentView.swift */; };
		649B38D62BEE299800CA0516 /* Assets.xcassets in Resources */ = {isa = PBXBuildFile; fileRef = 649B38D52BEE299800CA0516 /* Assets.xcassets */; };
		649B38D92BEE299800CA0516 /* Preview Assets.xcassets in Resources */ = {isa = PBXBuildFile; fileRef = 649B38D82BEE299800CA0516 /* Preview Assets.xcassets */; };
		649B38E52BEE2C2500CA0516 /* ColorScheme.swift in Sources */ = {isa = PBXBuildFile; fileRef = 649B38E42BEE2C2500CA0516 /* ColorScheme.swift */; };
		649B38E72BEE350900CA0516 /* Acme.ttf in Resources */ = {isa = PBXBuildFile; fileRef = 649B38E62BEE350900CA0516 /* Acme.ttf */; };
		649B38EA2BEE352F00CA0516 /* Aguante.otf in Resources */ = {isa = PBXBuildFile; fileRef = 649B38E92BEE352F00CA0516 /* Aguante.otf */; };
		649B38F12BEE4FC500CA0516 /* LevelsView.swift in Sources */ = {isa = PBXBuildFile; fileRef = 649B38F02BEE4FC500CA0516 /* LevelsView.swift */; };
		649B38F32BEE719500CA0516 /* ScoreView.swift in Sources */ = {isa = PBXBuildFile; fileRef = 649B38F22BEE719500CA0516 /* ScoreView.swift */; };
		649B38F52BEE794800CA0516 /* Score.swift in Sources */ = {isa = PBXBuildFile; fileRef = 649B38F42BEE794800CA0516 /* Score.swift */; };
		649B38F72BEE7EC500CA0516 /* GameView.swift in Sources */ = {isa = PBXBuildFile; fileRef = 649B38F62BEE7EC500CA0516 /* GameView.swift */; };
/* End PBXBuildFile section */

/* Begin PBXFileReference section */
		641E151B2BF56641008EEA7E /* NotchChecker.swift */ = {isa = PBXFileReference; lastKnownFileType = sourcecode.swift; path = NotchChecker.swift; sourceTree = "<group>"; };
		648D28472BEFC0AD008C28F0 /* Game.swift */ = {isa = PBXFileReference; lastKnownFileType = sourcecode.swift; path = Game.swift; sourceTree = "<group>"; };
		648D284B2BEFC201008C28F0 /* Board.swift */ = {isa = PBXFileReference; lastKnownFileType = sourcecode.swift; path = Board.swift; sourceTree = "<group>"; };
		648D284D2BEFC229008C28F0 /* Tile.swift */ = {isa = PBXFileReference; lastKnownFileType = sourcecode.swift; path = Tile.swift; sourceTree = "<group>"; };
		648D28592BF18EB3008C28F0 /* Status.swift */ = {isa = PBXFileReference; lastKnownFileType = sourcecode.swift; path = Status.swift; sourceTree = "<group>"; };
		649B38CE2BEE299700CA0516 /* Yukon-Gold: Classic World.app */ = {isa = PBXFileReference; explicitFileType = wrapper.application; includeInIndex = 0; path = "Yukon-Gold: Classic World.app"; sourceTree = BUILT_PRODUCTS_DIR; };
		649B38D12BEE299700CA0516 /* XGroupTestGameApp.swift */ = {isa = PBXFileReference; lastKnownFileType = sourcecode.swift; path = XGroupTestGameApp.swift; sourceTree = "<group>"; };
		649B38D32BEE299700CA0516 /* ContentView.swift */ = {isa = PBXFileReference; lastKnownFileType = sourcecode.swift; path = ContentView.swift; sourceTree = "<group>"; };
		649B38D52BEE299800CA0516 /* Assets.xcassets */ = {isa = PBXFileReference; lastKnownFileType = folder.assetcatalog; path = Assets.xcassets; sourceTree = "<group>"; };
		649B38D82BEE299800CA0516 /* Preview Assets.xcassets */ = {isa = PBXFileReference; lastKnownFileType = folder.assetcatalog; path = "Preview Assets.xcassets"; sourceTree = "<group>"; };
		649B38E42BEE2C2500CA0516 /* ColorScheme.swift */ = {isa = PBXFileReference; lastKnownFileType = sourcecode.swift; path = ColorScheme.swift; sourceTree = "<group>"; };
		649B38E62BEE350900CA0516 /* Acme.ttf */ = {isa = PBXFileReference; lastKnownFileType = file; path = Acme.ttf; sourceTree = "<group>"; };
		649B38E92BEE352F00CA0516 /* Aguante.otf */ = {isa = PBXFileReference; lastKnownFileType = file; path = Aguante.otf; sourceTree = "<group>"; };
		649B38EB2BEE35E500CA0516 /* Info.plist */ = {isa = PBXFileReference; lastKnownFileType = text.plist; path = Info.plist; sourceTree = "<group>"; };
		649B38EF2BEE3FDB00CA0516 /* Montserrat.ttf */ = {isa = PBXFileReference; lastKnownFileType = file; path = Montserrat.ttf; sourceTree = "<group>"; };
		649B38F02BEE4FC500CA0516 /* LevelsView.swift */ = {isa = PBXFileReference; lastKnownFileType = sourcecode.swift; path = LevelsView.swift; sourceTree = "<group>"; };
		649B38F22BEE719500CA0516 /* ScoreView.swift */ = {isa = PBXFileReference; lastKnownFileType = sourcecode.swift; path = ScoreView.swift; sourceTree = "<group>"; };
		649B38F42BEE794800CA0516 /* Score.swift */ = {isa = PBXFileReference; lastKnownFileType = sourcecode.swift; path = Score.swift; sourceTree = "<group>"; };
		649B38F62BEE7EC500CA0516 /* GameView.swift */ = {isa = PBXFileReference; lastKnownFileType = sourcecode.swift; path = GameView.swift; sourceTree = "<group>"; };
/* End PBXFileReference section */

/* Begin PBXFrameworksBuildPhase section */
		649B38CB2BEE299700CA0516 /* Frameworks */ = {
			isa = PBXFrameworksBuildPhase;
			buildActionMask = 2147483647;
			files = (
			);
			runOnlyForDeploymentPostprocessing = 0;
		};
/* End PBXFrameworksBuildPhase section */

/* Begin PBXGroup section */
		648D28582BF18BF7008C28F0 /* ChildView */ = {
			isa = PBXGroup;
			children = (
				648D284B2BEFC201008C28F0 /* Board.swift */,
				648D284D2BEFC229008C28F0 /* Tile.swift */,
				649B38F42BEE794800CA0516 /* Score.swift */,
				648D28592BF18EB3008C28F0 /* Status.swift */,
			);
			path = ChildView;
			sourceTree = "<group>";
		};
		649B38C52BEE299700CA0516 = {
			isa = PBXGroup;
			children = (
				649B38D02BEE299700CA0516 /* XGroupTestGame */,
				649B38CF2BEE299700CA0516 /* Products */,
			);
			sourceTree = "<group>";
		};
		649B38CF2BEE299700CA0516 /* Products */ = {
			isa = PBXGroup;
			children = (
				649B38CE2BEE299700CA0516 /* Yukon-Gold: Classic World.app */,
			);
			name = Products;
			sourceTree = "<group>";
		};
		649B38D02BEE299700CA0516 /* XGroupTestGame */ = {
			isa = PBXGroup;
			children = (
				649B38EB2BEE35E500CA0516 /* Info.plist */,
				649B38D12BEE299700CA0516 /* XGroupTestGameApp.swift */,
				649B38D32BEE299700CA0516 /* ContentView.swift */,
				649B38E02BEE29AC00CA0516 /* View */,
				649B38DF2BEE29A500CA0516 /* Model */,
				649B38E82BEE351100CA0516 /* Design */,
				649B38D72BEE299800CA0516 /* Preview Content */,
			);
			path = XGroupTestGame;
			sourceTree = "<group>";
		};
		649B38D72BEE299800CA0516 /* Preview Content */ = {
			isa = PBXGroup;
			children = (
				649B38D82BEE299800CA0516 /* Preview Assets.xcassets */,
			);
			path = "Preview Content";
			sourceTree = "<group>";
		};
		649B38DF2BEE29A500CA0516 /* Model */ = {
			isa = PBXGroup;
			children = (
				648D28472BEFC0AD008C28F0 /* Game.swift */,
				649B38E42BEE2C2500CA0516 /* ColorScheme.swift */,
				641E151B2BF56641008EEA7E /* NotchChecker.swift */,
			);
			path = Model;
			sourceTree = "<group>";
		};
		649B38E02BEE29AC00CA0516 /* View */ = {
			isa = PBXGroup;
			children = (
				649B38F02BEE4FC500CA0516 /* LevelsView.swift */,
				649B38F22BEE719500CA0516 /* ScoreView.swift */,
				649B38F62BEE7EC500CA0516 /* GameView.swift */,
				648D28582BF18BF7008C28F0 /* ChildView */,
			);
			path = View;
			sourceTree = "<group>";
		};
		649B38E82BEE351100CA0516 /* Design */ = {
			isa = PBXGroup;
			children = (
				649B38E92BEE352F00CA0516 /* Aguante.otf */,
				649B38E62BEE350900CA0516 /* Acme.ttf */,
				649B38EF2BEE3FDB00CA0516 /* Montserrat.ttf */,
				649B38D52BEE299800CA0516 /* Assets.xcassets */,
			);
			path = Design;
			sourceTree = "<group>";
		};
/* End PBXGroup section */

/* Begin PBXNativeTarget section */
		649B38CD2BEE299700CA0516 /* XGroupTestGame */ = {
			isa = PBXNativeTarget;
			buildConfigurationList = 649B38DC2BEE299800CA0516 /* Build configuration list for PBXNativeTarget "XGroupTestGame" */;
			buildPhases = (
				649B38CA2BEE299700CA0516 /* Sources */,
				649B38CB2BEE299700CA0516 /* Frameworks */,
				649B38CC2BEE299700CA0516 /* Resources */,
			);
			buildRules = (
			);
			dependencies = (
			);
			name = XGroupTestGame;
			productName = XGroupTestGame;
			productReference = 649B38CE2BEE299700CA0516 /* Yukon-Gold: Classic World.app */;
			productType = "com.apple.product-type.application";
		};
/* End PBXNativeTarget section */

/* Begin PBXProject section */
		649B38C62BEE299700CA0516 /* Project object */ = {
			isa = PBXProject;
			attributes = {
				BuildIndependentTargetsInParallel = 1;
				LastSwiftUpdateCheck = 1530;
				LastUpgradeCheck = 1530;
				TargetAttributes = {
					649B38CD2BEE299700CA0516 = {
						CreatedOnToolsVersion = 15.3;
					};
				};
			};
			buildConfigurationList = 649B38C92BEE299700CA0516 /* Build configuration list for PBXProject "XGroupTestGame" */;
			compatibilityVersion = "Xcode 14.0";
			developmentRegion = en;
			hasScannedForEncodings = 0;
			knownRegions = (
				en,
				Base,
			);
			mainGroup = 649B38C52BEE299700CA0516;
			productRefGroup = 649B38CF2BEE299700CA0516 /* Products */;
			projectDirPath = "";
			projectRoot = "";
			targets = (
				649B38CD2BEE299700CA0516 /* XGroupTestGame */,
			);
		};
/* End PBXProject section */

/* Begin PBXResourcesBuildPhase section */
		649B38CC2BEE299700CA0516 /* Resources */ = {
			isa = PBXResourcesBuildPhase;
			buildActionMask = 2147483647;
			files = (
				649B38D92BEE299800CA0516 /* Preview Assets.xcassets in Resources */,
				649B38E72BEE350900CA0516 /* Acme.ttf in Resources */,
				649B38D62BEE299800CA0516 /* Assets.xcassets in Resources */,
				649B38EA2BEE352F00CA0516 /* Aguante.otf in Resources */,
			);
			runOnlyForDeploymentPostprocessing = 0;
		};
/* End PBXResourcesBuildPhase section */

/* Begin PBXSourcesBuildPhase section */
		649B38CA2BEE299700CA0516 /* Sources */ = {
			isa = PBXSourcesBuildPhase;
			buildActionMask = 2147483647;
			files = (
				649B38F12BEE4FC500CA0516 /* LevelsView.swift in Sources */,
				648D285A2BF18EB3008C28F0 /* Status.swift in Sources */,
				648D284E2BEFC229008C28F0 /* Tile.swift in Sources */,
				649B38F52BEE794800CA0516 /* Score.swift in Sources */,
				648D28482BEFC0AD008C28F0 /* Game.swift in Sources */,
				649B38E52BEE2C2500CA0516 /* ColorScheme.swift in Sources */,
				641E151C2BF56641008EEA7E /* NotchChecker.swift in Sources */,
				649B38F72BEE7EC500CA0516 /* GameView.swift in Sources */,
				649B38F32BEE719500CA0516 /* ScoreView.swift in Sources */,
				649B38D42BEE299700CA0516 /* ContentView.swift in Sources */,
				648D284C2BEFC201008C28F0 /* Board.swift in Sources */,
				649B38D22BEE299700CA0516 /* XGroupTestGameApp.swift in Sources */,
			);
			runOnlyForDeploymentPostprocessing = 0;
		};
/* End PBXSourcesBuildPhase section */

/* Begin XCBuildConfiguration section */
		649B38DA2BEE299800CA0516 /* Debug */ = {
			isa = XCBuildConfiguration;
			buildSettings = {
				ALWAYS_SEARCH_USER_PATHS = NO;
				ASSETCATALOG_COMPILER_GENERATE_SWIFT_ASSET_SYMBOL_EXTENSIONS = YES;
				CLANG_ANALYZER_NONNULL = YES;
				CLANG_ANALYZER_NUMBER_OBJECT_CONVERSION = YES_AGGRESSIVE;
				CLANG_CXX_LANGUAGE_STANDARD = "gnu++20";
				CLANG_ENABLE_MODULES = YES;
				CLANG_ENABLE_OBJC_ARC = YES;
				CLANG_ENABLE_OBJC_WEAK = YES;
				CLANG_WARN_BLOCK_CAPTURE_AUTORELEASING = YES;
				CLANG_WARN_BOOL_CONVERSION = YES;
				CLANG_WARN_COMMA = YES;
				CLANG_WARN_CONSTANT_CONVERSION = YES;
				CLANG_WARN_DEPRECATED_OBJC_IMPLEMENTATIONS = YES;
				CLANG_WARN_DIRECT_OBJC_ISA_USAGE = YES_ERROR;
				CLANG_WARN_DOCUMENTATION_COMMENTS = YES;
				CLANG_WARN_EMPTY_BODY = YES;
				CLANG_WARN_ENUM_CONVERSION = YES;
				CLANG_WARN_INFINITE_RECURSION = YES;
				CLANG_WARN_INT_CONVERSION = YES;
				CLANG_WARN_NON_LITERAL_NULL_CONVERSION = YES;
				CLANG_WARN_OBJC_IMPLICIT_RETAIN_SELF = YES;
				CLANG_WARN_OBJC_LITERAL_CONVERSION = YES;
				CLANG_WARN_OBJC_ROOT_CLASS = YES_ERROR;
				CLANG_WARN_QUOTED_INCLUDE_IN_FRAMEWORK_HEADER = YES;
				CLANG_WARN_RANGE_LOOP_ANALYSIS = YES;
				CLANG_WARN_STRICT_PROTOTYPES = YES;
				CLANG_WARN_SUSPICIOUS_MOVE = YES;
				CLANG_WARN_UNGUARDED_AVAILABILITY = YES_AGGRESSIVE;
				CLANG_WARN_UNREACHABLE_CODE = YES;
				CLANG_WARN__DUPLICATE_METHOD_MATCH = YES;
				COPY_PHASE_STRIP = NO;
				DEBUG_INFORMATION_FORMAT = dwarf;
				ENABLE_STRICT_OBJC_MSGSEND = YES;
				ENABLE_TESTABILITY = YES;
				ENABLE_USER_SCRIPT_SANDBOXING = YES;
				GCC_C_LANGUAGE_STANDARD = gnu17;
				GCC_DYNAMIC_NO_PIC = NO;
				GCC_NO_COMMON_BLOCKS = YES;
				GCC_OPTIMIZATION_LEVEL = 0;
				GCC_PREPROCESSOR_DEFINITIONS = (
					"DEBUG=1",
					"$(inherited)",
				);
				GCC_WARN_64_TO_32_BIT_CONVERSION = YES;
				GCC_WARN_ABOUT_RETURN_TYPE = YES_ERROR;
				GCC_WARN_UNDECLARED_SELECTOR = YES;
				GCC_WARN_UNINITIALIZED_AUTOS = YES_AGGRESSIVE;
				GCC_WARN_UNUSED_FUNCTION = YES;
				GCC_WARN_UNUSED_VARIABLE = YES;
				IPHONEOS_DEPLOYMENT_TARGET = 17.4;
				LOCALIZATION_PREFERS_STRING_CATALOGS = YES;
				MTL_ENABLE_DEBUG_INFO = INCLUDE_SOURCE;
				MTL_FAST_MATH = YES;
				ONLY_ACTIVE_ARCH = YES;
				SDKROOT = iphoneos;
				SWIFT_ACTIVE_COMPILATION_CONDITIONS = "DEBUG $(inherited)";
				SWIFT_OPTIMIZATION_LEVEL = "-Onone";
			};
			name = Debug;
		};
		649B38DB2BEE299800CA0516 /* Release */ = {
			isa = XCBuildConfiguration;
			buildSettings = {
				ALWAYS_SEARCH_USER_PATHS = NO;
				ASSETCATALOG_COMPILER_GENERATE_SWIFT_ASSET_SYMBOL_EXTENSIONS = YES;
				CLANG_ANALYZER_NONNULL = YES;
				CLANG_ANALYZER_NUMBER_OBJECT_CONVERSION = YES_AGGRESSIVE;
				CLANG_CXX_LANGUAGE_STANDARD = "gnu++20";
				CLANG_ENABLE_MODULES = YES;
				CLANG_ENABLE_OBJC_ARC = YES;
				CLANG_ENABLE_OBJC_WEAK = YES;
				CLANG_WARN_BLOCK_CAPTURE_AUTORELEASING = YES;
				CLANG_WARN_BOOL_CONVERSION = YES;
				CLANG_WARN_COMMA = YES;
				CLANG_WARN_CONSTANT_CONVERSION = YES;
				CLANG_WARN_DEPRECATED_OBJC_IMPLEMENTATIONS = YES;
				CLANG_WARN_DIRECT_OBJC_ISA_USAGE = YES_ERROR;
				CLANG_WARN_DOCUMENTATION_COMMENTS = YES;
				CLANG_WARN_EMPTY_BODY = YES;
				CLANG_WARN_ENUM_CONVERSION = YES;
				CLANG_WARN_INFINITE_RECURSION = YES;
				CLANG_WARN_INT_CONVERSION = YES;
				CLANG_WARN_NON_LITERAL_NULL_CONVERSION = YES;
				CLANG_WARN_OBJC_IMPLICIT_RETAIN_SELF = YES;
				CLANG_WARN_OBJC_LITERAL_CONVERSION = YES;
				CLANG_WARN_OBJC_ROOT_CLASS = YES_ERROR;
				CLANG_WARN_QUOTED_INCLUDE_IN_FRAMEWORK_HEADER = YES;
				CLANG_WARN_RANGE_LOOP_ANALYSIS = YES;
				CLANG_WARN_STRICT_PROTOTYPES = YES;
				CLANG_WARN_SUSPICIOUS_MOVE = YES;
				CLANG_WARN_UNGUARDED_AVAILABILITY = YES_AGGRESSIVE;
				CLANG_WARN_UNREACHABLE_CODE = YES;
				CLANG_WARN__DUPLICATE_METHOD_MATCH = YES;
				COPY_PHASE_STRIP = NO;
				DEBUG_INFORMATION_FORMAT = "dwarf-with-dsym";
				ENABLE_NS_ASSERTIONS = NO;
				ENABLE_STRICT_OBJC_MSGSEND = YES;
				ENABLE_USER_SCRIPT_SANDBOXING = YES;
				GCC_C_LANGUAGE_STANDARD = gnu17;
				GCC_NO_COMMON_BLOCKS = YES;
				GCC_WARN_64_TO_32_BIT_CONVERSION = YES;
				GCC_WARN_ABOUT_RETURN_TYPE = YES_ERROR;
				GCC_WARN_UNDECLARED_SELECTOR = YES;
				GCC_WARN_UNINITIALIZED_AUTOS = YES_AGGRESSIVE;
				GCC_WARN_UNUSED_FUNCTION = YES;
				GCC_WARN_UNUSED_VARIABLE = YES;
				IPHONEOS_DEPLOYMENT_TARGET = 17.4;
				LOCALIZATION_PREFERS_STRING_CATALOGS = YES;
				MTL_ENABLE_DEBUG_INFO = NO;
				MTL_FAST_MATH = YES;
				SDKROOT = iphoneos;
				SWIFT_COMPILATION_MODE = wholemodule;
				VALIDATE_PRODUCT = YES;
			};
			name = Release;
		};
		649B38DD2BEE299800CA0516 /* Debug */ = {
			isa = XCBuildConfiguration;
			buildSettings = {
				ASSETCATALOG_COMPILER_APPICON_NAME = AppIcon;
				ASSETCATALOG_COMPILER_GLOBAL_ACCENT_COLOR_NAME = AccentColor;
				CODE_SIGN_STYLE = Automatic;
				CURRENT_PROJECT_VERSION = 1;
				DEVELOPMENT_ASSET_PATHS = "\"XGroupTestGame/Preview Content\"";
				DEVELOPMENT_TEAM = 5R537FQZP7;
				ENABLE_PREVIEWS = YES;
				GENERATE_INFOPLIST_FILE = YES;
				INFOPLIST_FILE = XGroupTestGame/Info.plist;
				INFOPLIST_KEY_UIApplicationSceneManifest_Generation = YES;
				INFOPLIST_KEY_UIApplicationSupportsIndirectInputEvents = YES;
				INFOPLIST_KEY_UILaunchScreen_Generation = YES;
				INFOPLIST_KEY_UISupportedInterfaceOrientations_iPad = "UIInterfaceOrientationPortrait UIInterfaceOrientationPortraitUpsideDown UIInterfaceOrientationLandscapeLeft UIInterfaceOrientationLandscapeRight";
				INFOPLIST_KEY_UISupportedInterfaceOrientations_iPhone = "UIInterfaceOrientationPortrait UIInterfaceOrientationLandscapeLeft UIInterfaceOrientationLandscapeRight";
				LD_RUNPATH_SEARCH_PATHS = (
					"$(inherited)",
					"@executable_path/Frameworks",
				);
				MARKETING_VERSION = 1.0;
				PRODUCT_BUNDLE_IDENTIFIER = pkotenko.XGroupTestGame;
				PRODUCT_NAME = "Yukon-Gold: Classic World";
				SWIFT_EMIT_LOC_STRINGS = YES;
				SWIFT_VERSION = 5.0;
				TARGETED_DEVICE_FAMILY = "1,2";
			};
			name = Debug;
		};
		649B38DE2BEE299800CA0516 /* Release */ = {
			isa = XCBuildConfiguration;
			buildSettings = {
				ASSETCATALOG_COMPILER_APPICON_NAME = AppIcon;
				ASSETCATALOG_COMPILER_GLOBAL_ACCENT_COLOR_NAME = AccentColor;
				CODE_SIGN_STYLE = Automatic;
				CURRENT_PROJECT_VERSION = 1;
				DEVELOPMENT_ASSET_PATHS = "\"XGroupTestGame/Preview Content\"";
				DEVELOPMENT_TEAM = 5R537FQZP7;
				ENABLE_PREVIEWS = YES;
				GENERATE_INFOPLIST_FILE = YES;
				INFOPLIST_FILE = XGroupTestGame/Info.plist;
				INFOPLIST_KEY_UIApplicationSceneManifest_Generation = YES;
				INFOPLIST_KEY_UIApplicationSupportsIndirectInputEvents = YES;
				INFOPLIST_KEY_UILaunchScreen_Generation = YES;
				INFOPLIST_KEY_UISupportedInterfaceOrientations_iPad = "UIInterfaceOrientationPortrait UIInterfaceOrientationPortraitUpsideDown UIInterfaceOrientationLandscapeLeft UIInterfaceOrientationLandscapeRight";
				INFOPLIST_KEY_UISupportedInterfaceOrientations_iPhone = "UIInterfaceOrientationPortrait UIInterfaceOrientationLandscapeLeft UIInterfaceOrientationLandscapeRight";
				LD_RUNPATH_SEARCH_PATHS = (
					"$(inherited)",
					"@executable_path/Frameworks",
				);
				MARKETING_VERSION = 1.0;
				PRODUCT_BUNDLE_IDENTIFIER = pkotenko.XGroupTestGame;
				PRODUCT_NAME = "Yukon-Gold: Classic World";
				SWIFT_EMIT_LOC_STRINGS = YES;
				SWIFT_VERSION = 5.0;
				TARGETED_DEVICE_FAMILY = "1,2";
			};
			name = Release;
		};
/* End XCBuildConfiguration section */

/* Begin XCConfigurationList section */
		649B38C92BEE299700CA0516 /* Build configuration list for PBXProject "XGroupTestGame" */ = {
			isa = XCConfigurationList;
			buildConfigurations = (
				649B38DA2BEE299800CA0516 /* Debug */,
				649B38DB2BEE299800CA0516 /* Release */,
			);
			defaultConfigurationIsVisible = 0;
			defaultConfigurationName = Release;
		};
		649B38DC2BEE299800CA0516 /* Build configuration list for PBXNativeTarget "XGroupTestGame" */ = {
			isa = XCConfigurationList;
			buildConfigurations = (
				649B38DD2BEE299800CA0516 /* Debug */,
				649B38DE2BEE299800CA0516 /* Release */,
			);
			defaultConfigurationIsVisible = 0;
			defaultConfigurationName = Release;
		};
/* End XCConfigurationList section */
	};
	rootObject = 649B38C62BEE299700CA0516 /* Project object */;
}
